
Microsoft Visual Studio Solution File, Format Version 12.00
# Visual Studio 15
VisualStudioVersion = 15.0.27130.2027
MinimumVisualStudioVersion = 10.0.40219.1
Project("{F14B399A-7131-4C87-9E4B-1186C45EF12D}") = "TiVo Invoice", "TiVo Invoice\TiVo Invoice.rptproj", "{8392A3E1-1A4A-480C-9114-49F8B05B2C4A}"
EndProject
Global
	GlobalSection(SolutionConfigurationPlatforms) = preSolution
		Debug|Default = Debug|Default
		DebugLocal|Default = DebugLocal|Default
		Release|Default = Release|Default
	EndGlobalSection
	GlobalSection(ProjectConfigurationPlatforms) = postSolution
		{8392A3E1-1A4A-480C-9114-49F8B05B2C4A}.Debug|Default.ActiveCfg = Debug
		{8392A3E1-1A4A-480C-9114-49F8B05B2C4A}.Debug|Default.Build.0 = Debug
		{8392A3E1-1A4A-480C-9114-49F8B05B2C4A}.Debug|Default.Deploy.0 = Debug
		{8392A3E1-1A4A-480C-9114-49F8B05B2C4A}.DebugLocal|Default.ActiveCfg = DebugLocal
		{8392A3E1-1A4A-480C-9114-49F8B05B2C4A}.DebugLocal|Default.Build.0 = DebugLocal
		{8392A3E1-1A4A-480C-9114-49F8B05B2C4A}.Release|Default.ActiveCfg = Release
		{8392A3E1-1A4A-480C-9114-49F8B05B2C4A}.Release|Default.Build.0 = Release
		{8392A3E1-1A4A-480C-9114-49F8B05B2C4A}.Release|Default.Deploy.0 = Release
	EndGlobalSection
	GlobalSection(SolutionProperties) = preSolution
		HideSolutionNode = FALSE
	EndGlobalSection
	GlobalSection(ExtensibilityGlobals) = postSolution
		SolutionGuid = {04A64209-4E1D-419A-A172-D9C20AAA3A8D}
	EndGlobalSection
EndGlobal
